{
    "_meta": {
        "hash": {
            "sha256": "5ab50eb4e5943edb9fee4ea4ff4b6801977060a6939b7c728b79146ef36a5cdb"
        },
        "pipfile-spec": 6,
        "requires": {
            "python_version": "3.6"
        },
        "sources": [
            {
                "name": "pypi",
                "url": "https://pypi.org/simple",
                "verify_ssl": true
            }
        ]
    },
    "default": {
        "aiohttp": {
            "hashes": [
                "sha256:0bcf2dced281db97ad6d16aefe6d846c4bc6cabf8f1bc7dd7868feb20fb039ea",
                "sha256:16761ca659ce0609b76114a23f8f24c1f1e83e5cbfcd118fd29d6d3bd981fce0",
                "sha256:1dd839c079d25c9b458101c3b79a16ed319c27d1fbb7a98ce8a90c60f05afc2e",
                "sha256:1ec1a759831eca5aa20efb5023afebb915c43212635d50fad03e669a1b093ea6",
                "sha256:21f8499675437bf3a31724c360af7484bae840f0294c16d979f148343df01493",
                "sha256:286aa16fca37a81a6f48c1b60178592efead43acdc0fd0ff9588b216ea848f30",
                "sha256:3e8a93e4cb25b929354d9c88c98ca87bef6c49cd03d375f2fb4f595172fc4d62",
                "sha256:7cb40af76a01349e6ab84f577ffccbe4e22c738d9c5f400b3117dffcde422387",
                "sha256:9d874b9fa19858130c5538a12db0eadf4ea18724412bc03d78e21723202072a9",
                "sha256:bb873da531401416acb7045a8f0bdf6555e9c6866989cd977166fae3cbbb954b",
                "sha256:c44987443235468fce44be4059655311a59c1c0e8e5a2aeea38dc196d41c9c1d",
                "sha256:cac147cab6ea173f234ce91e941241812bc7cb1d544e4893cebff314a012844a",
                "sha256:e909d4bc3655c8857ae5120f7ab5172c0bf11c8afda7c0ea05e91ddebd213dc4",
                "sha256:f0831139ee003f850eee06e345dd905f99d1b655e634f8af6f03fcdb7222d0bf",
                "sha256:fcd0e1d1d765ba24b25c3524aad9baf9e812e0983922d2528f464b0ca98fd932"
            ],
            "index": "pypi",
            "version": "==3.0.5"
        },
        "appdirs": {
            "hashes": [
                "sha256:9e5896d1372858f8dd3344faf4e5014d21849c756c8d5701f78f8a103b372d92",
                "sha256:d8b24664561d0d34ddfaec54636d502d7cea6e29c3eaf68f3df6180863e2166e"
            ],
            "index": "pypi",
            "version": "==1.4.3"
        },
        "arrow": {
            "hashes": [
                "sha256:a558d3b7b6ce7ffc74206a86c147052de23d3d4ef0e17c210dd478c53575c4cd"
            ],
            "index": "pypi",
            "version": "==0.12.1"
        },
        "async-timeout": {
            "hashes": [
                "sha256:00cff4d2dce744607335cba84e9929c3165632da2d27970dbc55802a0c7873d0",
                "sha256:9093db5b8ddbe4b8f6885d1a6e0ad84ae3155464cbf6877c387605244c285f3c"
            ],
            "version": "==2.0.1"
        },
        "attrs": {
            "hashes": [
                "sha256:4b90b09eeeb9b88c35bc642cbac057e45a5fd85367b985bd2809c62b7b939265",
                "sha256:e0d0eb91441a3b53dab4d9b743eafc1ac44476296a2053b6ca3af0b139faf87b"
            ],
            "version": "==18.1.0"
        },
        "babel": {
            "hashes": [
                "sha256:6778d85147d5d85345c14a26aada5e478ab04e39b078b0745ee6870c2b5cf669",
                "sha256:8cba50f48c529ca3fa18cf81fa9403be176d374ac4d60738b839122dfaaa3d23"
            ],
            "index": "pypi",
            "version": "==2.6.0"
        },
        "beautifulsoup4": {
            "hashes": [
                "sha256:2545357585a6cc7d050d3c43a86eba2c0b91b9e7ac8a3965e64a6ead6a1a9a3d",
                "sha256:272081ad78c5495ba67083a0e50920163701fa6fe67fbb5eefeb21b5dd88c40b",
                "sha256:4ddc90ad88bccc005a71d8ef32f7b1cd8f935475cd561c4122b2f87de45d28ab",
                "sha256:5a3d659840960a4107047b6328d6d4cdaaee69939bf11adc07466a1856c99a80",
                "sha256:bd43a3b26d2886acd63070c43da821b60dea603eb6d45bab0294aac6129adbfa"
            ],
            "version": "==4.6.1"
        },
        "bleach": {
            "hashes": [
                "sha256:b8fa79e91f96c2c2cd9fd1f9eda906efb1b88b483048978ba62fef680e962b34",
                "sha256:eb7386f632349d10d9ce9d4a838b134d4731571851149f9cc2c05a9a837a9a44"
            ],
            "version": "==2.1.3"
        },
        "certifi": {
            "hashes": [
                "sha256:13e698f54293db9f89122b0581843a782ad0934a4fe0172d2a980ba77fc61bb7",
                "sha256:9fa520c1bacfb634fa7af20a76bcbd3d5fb390481724c597da32c719a7dca4b0"
            ],
            "version": "==2018.4.16"
        },
        "chardet": {
            "hashes": [
                "sha256:84ab92ed1c4d4f16916e05906b6b75a6c0fb5db821cc65e70cbd64a3e2a5eaae",
                "sha256:fc323ffcaeaed0e0a02bf4d117757b98aed530d9ed4531e3e15460124c106691"
            ],
            "version": "==3.0.4"
        },
        "click": {
            "hashes": [
                "sha256:29f99fc6125fbc931b758dc053b3114e55c77a6e4c6c3a2674a2dc986016381d",
                "sha256:f15516df478d5a56180fbf80e68f206010e6d160fc39fa508b65e035fd75130b"
            ],
            "index": "pypi",
            "version": "==6.7"
        },
        "configargparse": {
            "hashes": [
                "sha256:6c8ae823f6844b055f2a3aa9b51f568ed3bd7e5be9fba63abcaf4bdd38a0ac89"
            ],
            "version": "==0.11.0"
        },
        "decorator": {
            "hashes": [
                "sha256:2c51dff8ef3c447388fe5e4453d24a2bf128d3a4c32af3fabef1f01c6851ab82",
                "sha256:c39efa13fbdeb4506c476c9b3babf6a718da943dab7811c206005a4a956c080c"
            ],
            "version": "==4.3.0"
        },
        "entrypoints": {
            "hashes": [
                "sha256:10ad569bb245e7e2ba425285b9fa3e8178a0dc92fc53b1e1c553805e15a8825b",
                "sha256:d2d587dde06f99545fb13a383d2cd336a8ff1f359c5839ce3a64c917d10c029f"
            ],
            "version": "==0.2.3"
        },
        "hangups": {
            "hashes": [
                "sha256:7c3e24a429b1000985d2c51300162b9e04ab3c7150d477e5760c5e916d2db3d4"
            ],
            "index": "pypi",
            "version": "==0.4.5"
        },
        "html5lib": {
            "hashes": [
                "sha256:20b159aa3badc9d5ee8f5c647e5efd02ed2a66ab8d354930bd9ff139fc1dc0a3",
                "sha256:66cb0dcfdbbc4f9c3ba1a63fdb511ffdbd4f513b2b6d81b80cd26ce6b3fb3736"
            ],
            "version": "==1.0.1"
        },
        "idna": {
            "hashes": [
                "sha256:156a6814fb5ac1fc6850fb002e0852d56c0c8d2531923a51032d1b70760e186e",
                "sha256:684a38a6f903c1d71d6d5fac066b58d7768af4de2b832e426ec79c30daa94a16"
            ],
            "version": "==2.7"
        },
        "idna-ssl": {
            "hashes": [
                "sha256:a933e3bb13da54383f9e8f35dc4f9cb9eb9b3b78c6b36f311254d6d0d92c6c7c"
            ],
            "version": "==1.1.0"
        },
        "ipython-genutils": {
            "hashes": [
                "sha256:72dd37233799e619666c9f639a9da83c34013a73e8bbc79a7a6348d93c61fab8",
                "sha256:eb2e116e75ecef9d4d228fdc66af54269afa26ab4463042e33785b887c628ba8"
            ],
            "version": "==0.2.0"
        },
        "jinja2": {
            "hashes": [
                "sha256:74c935a1b8bb9a3947c50a54766a969d4846290e1e788ea44c1392163723c3bd",
                "sha256:f84be1bb0040caca4cea721fcbbbbd61f9be9464ca236387158b0feea01914a4"
            ],
            "version": "==2.10"
        },
        "jsonschema": {
            "hashes": [
                "sha256:000e68abd33c972a5248544925a0cae7d1125f9bf6c58280d37546b946769a08",
                "sha256:6ff5f3180870836cae40f06fa10419f557208175f13ad7bc26caa77beb1f6e02"
            ],
            "version": "==2.6.0"
        },
        "jupyter-core": {
            "hashes": [
                "sha256:927d713ffa616ea11972534411544589976b2493fc7e09ad946e010aa7eb9970",
                "sha256:ba70754aa680300306c699790128f6fbd8c306ee5927976cbe48adacf240c0b7"
            ],
            "version": "==4.4.0"
        },
        "markupsafe": {
            "hashes": [
                "sha256:a6be69091dac236ea9c6bc7d012beab42010fa914c459791d627dad4910eb665"
            ],
            "version": "==1.0"
        },
        "mechanicalsoup": {
            "hashes": [
                "sha256:1849e3ca1b6d14b54339fa825767c753e2927430fb0e110059d01fb77bf7763b",
                "sha256:e2b950c11fc5414d246b3c82024272d7ba729ab1f90534fc65fc445a63b7434d"
            ],
            "version": "==0.6.0"
        },
        "mistune": {
            "hashes": [
                "sha256:b4c512ce2fc99e5a62eb95a4aba4b73e5f90264115c40b70a21e1f7d4e0eac91",
                "sha256:bc10c33bfdcaa4e749b779f62f60d6e12f8215c46a292d05e486b869ae306619"
            ],
            "version": "==0.8.3"
        },
        "multidict": {
            "hashes": [
                "sha256:1a1d76374a1e7fe93acef96b354a03c1d7f83e7512e225a527d283da0d7ba5e0",
                "sha256:1d6e191965505652f194bc4c40270a842922685918a4f45e6936a6b15cc5816d",
                "sha256:295961a6a88f1199e19968e15d9b42f3a191c89ec13034dbc212bf9c394c3c82",
                "sha256:2be5af084de6c3b8e20d6421cb0346378a9c867dcf7c86030d6b0b550f9888e4",
                "sha256:2eb99617c7a0e9f2b90b64bc1fb742611718618572747d6f3d6532b7b78755ab",
                "sha256:4ba654c6b5ad1ae4a4d792abeb695b29ce981bb0f157a41d0fd227b385f2bef0",
                "sha256:5ba766433c30d703f6b2c17eb0b6826c6f898e5f58d89373e235f07764952314",
                "sha256:a59d58ee85b11f337b54933e8d758b2356fcdcc493248e004c9c5e5d11eedbe4",
                "sha256:a6e35d28900cf87bcc11e6ca9e474db0099b78f0be0a41d95bef02d49101b5b2",
                "sha256:b4df7ca9c01018a51e43937eaa41f2f5dce17a6382fda0086403bcb1f5c2cf8e",
                "sha256:bbd5a6bffd3ba8bfe75b16b5e28af15265538e8be011b0b9fddc7d86a453fd4a",
                "sha256:d870f399fcd58a1889e93008762a3b9a27cf7ea512818fc6e689f59495648355",
                "sha256:e9404e2e19e901121c3c5c6cffd5a8ae0d1d67919c970e3b3262231175713068"
            ],
            "version": "==4.3.1"
        },
        "nbconvert": {
            "hashes": [
                "sha256:12b1a4671d4463ab73af6e4cbcc965b62254e05d182cd54995dda0d0ef9e2db9",
                "sha256:260d390b989a647575b8ecae2cd06a9eaead10d396733d6e50185d5ebd08996e"
            ],
            "index": "pypi",
            "version": "==5.3.1"
        },
        "nbformat": {
            "hashes": [
                "sha256:b9a0dbdbd45bb034f4f8893cafd6f652ea08c8c1674ba83f2dc55d3955743b0b",
                "sha256:f7494ef0df60766b7cabe0a3651556345a963b74dbc16bc7c18479041170d402"
            ],
            "index": "pypi",
            "version": "==4.4.0"
        },
        "pandocfilters": {
            "hashes": [
                "sha256:b3dd70e169bb5449e6bc6ff96aea89c5eea8c5f6ab5e207fc2f521a2cf4a0da9"
            ],
            "version": "==1.4.2"
        },
        "protobuf": {
            "hashes": [
                "sha256:1a2e989ff8820ef2eaf56b07cd40ad764ec505a0f0b52b69f7fa9e0d5afbddb7",
                "sha256:42315e73409eaefdcc11e216695ff21f87dc483ad0595c57999baddf7f841180",
                "sha256:5fec58ad3c8b44be06f391063face7a2ddd4b48c950cc20ff62b9e1d26db1194"
            ],
            "version": "==3.1.0.post1"
        },
        "pycron": {
            "hashes": [
                "sha256:ca6eb78238e4f1bfd3896cc0872dd284f1125d0e5d7df19c901b5f678908084d"
            ],
            "index": "pypi",
            "version": "==0.80.0"
        },
        "pygments": {
            "hashes": [
                "sha256:78f3f434bcc5d6ee09020f92ba487f95ba50f1e3ef83ae96b9d5ffa1bab25c5d",
                "sha256:dbae1046def0efb574852fab9e90209b23f556367b5a320c0bcb871c77c3e8cc"
            ],
            "version": "==2.2.0"
        },
        "python-dateutil": {
            "hashes": [
                "sha256:1adb80e7a782c12e52ef9a8182bebeb73f1d7e24e374397af06fb4956c8dc5c0",
                "sha256:e27001de32f627c22380a688bcc43ce83504a7bc5da472209b4c70f02829f0b8"
            ],
            "version": "==2.7.3"
        },
        "pytz": {
            "hashes": [
                "sha256:a061aa0a9e06881eb8b3b2b43f05b9439d6583c206d0a6c340ff72a7b6669053",
                "sha256:ffb9ef1de172603304d9d2819af6f5ece76f2e85ec10692a524dd876e72bf277"
            ],
            "version": "==2018.5"
        },
        "pyyaml": {
            "hashes": [
                "sha256:3d7da3009c0f3e783b2c873687652d83b1bbfd5c88e9813fb7e5b03c0dd3108b",
                "sha256:3ef3092145e9b70e3ddd2c7ad59bdd0252a94dfe3949721633e41344de00a6bf",
                "sha256:40c71b8e076d0550b2e6380bada1f1cd1017b882f7e16f09a65be98e017f211a",
                "sha256:558dd60b890ba8fd982e05941927a3911dc409a63dcb8b634feaa0cda69330d3",
                "sha256:a7c28b45d9f99102fa092bb213aa12e0aaf9a6a1f5e395d36166639c1f96c3a1",
                "sha256:aa7dd4a6a427aed7df6fb7f08a580d68d9b118d90310374716ae90b710280af1",
                "sha256:bc558586e6045763782014934bfaf39d48b8ae85a2713117d16c39864085c613",
                "sha256:d46d7982b62e0729ad0175a9bc7e10a566fc07b224d2c79fafb5e032727eaa04",
                "sha256:d5eef459e30b09f5a098b9cea68bebfeb268697f78d647bd255a085371ac7f3f",
                "sha256:e01d3203230e1786cd91ccfdc8f8454c8069c91bee3962ad93b87a4b2860f537",
                "sha256:e170a9e6fcfd19021dd29845af83bb79236068bf5fd4df3327c1be18182b2531"
            ],
            "index": "pypi",
            "version": "==3.13"
        },
        "readlike": {
            "hashes": [
                "sha256:08645493a24eecbcad70a5ed7fbf1a3820ba5e57e9690297edc485c2992f66b2",
                "sha256:b043b8868e25a5635b17e2e56e0917c3f904860c272992df7f3b2bfb7ffa2518"
            ],
            "version": "==0.1.2"
        },
        "reparser": {
            "hashes": [
                "sha256:e69caf58a29d6e04723f6a7a456d304b7acfcf413957dafcd90ee49eccc2d15a"
            ],
            "version": "==1.4.3"
        },
        "requests": {
            "hashes": [
                "sha256:63b52e3c866428a224f97cab011de738c36aec0185aa91cfacd418b5d58911d1",
                "sha256:ec22d826a36ed72a7358ff3fe56cbd4ba69dd7a6718ffd450ff0e9df7a47ce6a"
            ],
            "index": "pypi",
            "version": "==2.19.1"
        },
        "six": {
            "hashes": [
                "sha256:70e8a77beed4562e7f14fe23a786b54f6296e34344c23bc42f07b15018ff98e9",
                "sha256:832dc0e10feb1aa2c68dcc57dbb658f1c7e65b9b61af69048abc87a2db00a0eb"
            ],
            "version": "==1.11.0"
        },
        "slacker-asyncio": {
            "hashes": [
                "sha256:bde002f55c5588d0832d5a86f230e7b6e0f42b925a44dbc978679febd6f3e860"
            ],
            "index": "pypi",
            "version": "==0.9.60"
        },
        "testpath": {
            "hashes": [
                "sha256:039fa6a6c9fd3488f8336d23aebbfead5fa602c4a47d49d83845f55a595ec1b4",
                "sha256:0d5337839c788da5900df70f8e01015aec141aa3fe7936cb0d0a2953f7ac7609"
            ],
            "version": "==0.3.1"
        },
        "traitlets": {
            "hashes": [
                "sha256:9c4bd2d267b7153df9152698efb1050a5d84982d3384a37b2c1f7723ba3e7835",
                "sha256:c6cb5e6f57c5a9bdaa40fa71ce7b4af30298fbab9ece9815b5d995ab6217c7d9"
            ],
            "version": "==4.3.2"
        },
        "urllib3": {
            "hashes": [
                "sha256:a68ac5e15e76e7e5dd2b8f94007233e01effe3e50e8daddf69acfd81cb686baf",
                "sha256:b5725a0bd4ba422ab0e66e89e030c806576753ea3ee08554382c14e685d117b5"
            ],
            "version": "==1.23"
        },
        "urwid": {
            "hashes": [
                "sha256:cfcec03e36de25a1073e2e35c2c7b0cc6969b85745715c3a025a31d9786896a1"
            ],
            "version": "==1.3.1"
        },
        "webencodings": {
            "hashes": [
                "sha256:a0af1213f3c2226497a97e2b3aa01a7e4bee4f403f95be16fc9acd2947514a78",
                "sha256:b36a1c245f2d304965eb4e0a82848379241dc04b865afcc4aab16748587e1923"
            ],
            "version": "==0.5.1"
        },
        "websockets": {
            "hashes": [
                "sha256:0e2f7d6567838369af074f0ef4d0b802d19fa1fee135d864acc656ceefa33136",
                "sha256:2a16dac282b2fdae75178d0ed3d5b9bc3258dabfae50196cbb30578d84b6f6a6",
                "sha256:5a1fa6072405648cb5b3688e9ed3b94be683ce4a4e5723e6f5d34859dee495c1",
                "sha256:5c1f55a1274df9d6a37553fef8cff2958515438c58920897675c9bc70f5a0538",
                "sha256:669d1e46f165e0ad152ed8197f7edead22854a6c90419f544e0f234cc9dac6c4",
                "sha256:695e34c4dbea18d09ab2c258994a8bf6a09564e762655408241f6a14592d2908",
                "sha256:6b2e03d69afa8d20253455e67b64de1a82ff8612db105113cccec35d3f8429f0",
                "sha256:79ca7cdda7ad4e3663ea3c43bfa8637fc5d5604c7737f19a8964781abbd1148d",
                "sha256:7fd2dd9a856f72e6ed06f82facfce01d119b88457cd4b47b7ae501e8e11eba9c",
                "sha256:82c0354ac39379d836719a77ee360ef865377aa6fdead87909d50248d0f05f4d",
                "sha256:8f3b956d11c5b301206382726210dc1d3bee1a9ccf7aadf895aaf31f71c3716c",
                "sha256:91ec98640220ae05b34b79ee88abf27f97ef7c61cf525eec57ea8fcea9f7dddb",
                "sha256:952be9540d83dba815569d5cb5f31708801e0bbfc3a8c5aef1890b57ed7e58bf",
                "sha256:99ac266af38ba1b1fe13975aea01ac0e14bb5f3a3200d2c69f05385768b8568e",
                "sha256:9fa122e7adb24232247f8a89f2d9070bf64b7869daf93ac5e19546b409e47e96",
                "sha256:a0873eadc4b8ca93e2e848d490809e0123eea154aa44ecd0109c4d0171869584",
                "sha256:cb998bd4d93af46b8b49ecf5a72c0a98e5cc6d57fdca6527ba78ad89d6606484",
                "sha256:e02e57346f6a68523e3c43bbdf35dde5c440318d1f827208ae455f6a2ace446d",
                "sha256:e79a5a896bcee7fff24a788d72e5c69f13e61369d055f28113e71945a7eb1559",
                "sha256:ee55eb6bcf23ecc975e6b47c127c201b913598f38b6a300075f84eeef2d3baff",
                "sha256:f1414e6cbcea8d22843e7eafdfdfae3dd1aba41d1945f6ca66e4806c07c4f454"
            ],
            "index": "pypi",
            "version": "==6.0"
        },
        "yarl": {
            "hashes": [
                "sha256:2556b779125621b311844a072e0ed367e8409a18fa12cbd68eb1258d187820f9",
                "sha256:4aec0769f1799a9d4496827292c02a7b1f75c0bab56ab2b60dd94ebb57cbd5ee",
                "sha256:55369d95afaacf2fa6b49c84d18b51f1704a6560c432a0f9a1aeb23f7b971308",
                "sha256:6c098b85442c8fe3303e708bbb775afd0f6b29f77612e8892627bcab4b939357",
                "sha256:9182cd6f93412d32e009020a44d6d170d2093646464a88aeec2aef50592f8c78",
                "sha256:c8cbc21bbfa1dd7d5386d48cc814fe3d35b80f60299cdde9279046f399c3b0d8",
                "sha256:db6f70a4b09cde813a4807843abaaa60f3b15fb4a2a06f9ae9c311472662daa1",
                "sha256:f17495e6fe3d377e3faac68121caef6f974fcb9e046bc075bcff40d8e5cc69a4",
                "sha256:f85900b9cca0c67767bb61b2b9bd53208aaa7373dae633dbe25d179b4bf38aa7"
            ],
            "version": "==1.2.6"
        }
    },
    "develop": {}
}
